
Microsoft Visual Studio Solution File, Format Version 12.00
# Visual Studio Version 16
VisualStudioVersion = 16.0.30320.27
MinimumVisualStudioVersion = 10.0.40219.1
Project("{2150E333-8FDC-42A3-9474-1A3956D46DE8}") = "src", "src", "{96F22E21-1AE7-4189-BBCC-C9E1B25E3BE9}"
EndProject
Project("{9A19103F-16F7-4668-BE54-9A1E7A4F7556}") = "ShenNius.ModuleCore", "src\ShenNius.ModuleCore\ShenNius.ModuleCore.csproj", "{C0CFAD4C-DF74-460C-9DE6-F970C83D2683}"
EndProject
Project("{9A19103F-16F7-4668-BE54-9A1E7A4F7556}") = "ShenNius.Repository", "src\ShenNius.Repository\ShenNius.Repository.csproj", "{9E0F6C51-648F-4E18-B141-9E9773DA54DD}"
EndProject
Project("{9A19103F-16F7-4668-BE54-9A1E7A4F7556}") = "ShenNius.API.Hosting", "src\ShenNius.API.Hosting\ShenNius.API.Hosting.csproj", "{963C3B2B-1A78-442D-B6DB-710EBDC6B043}"
EndProject
Project("{9A19103F-16F7-4668-BE54-9A1E7A4F7556}") = "ShenNius.API", "src\ShenNius.API\ShenNius.API.csproj", "{5B9C3DDF-7C43-4876-B9FE-D7EC43DBE924}"
EndProject
Project("{FAE04EC0-301F-11D3-BF4B-00C04F79EFBC}") = "ShenNius.Swagger", "src\ShenNius.Swagger\ShenNius.Swagger.csproj", "{AD8C7F8F-F9DA-43A4-B5CA-A8D6936A6347}"
EndProject
Global
	GlobalSection(SolutionConfigurationPlatforms) = preSolution
		Debug|Any CPU = Debug|Any CPU
		Release|Any CPU = Release|Any CPU
	EndGlobalSection
	GlobalSection(ProjectConfigurationPlatforms) = postSolution
		{C0CFAD4C-DF74-460C-9DE6-F970C83D2683}.Debug|Any CPU.ActiveCfg = Debug|Any CPU
		{C0CFAD4C-DF74-460C-9DE6-F970C83D2683}.Debug|Any CPU.Build.0 = Debug|Any CPU
		{C0CFAD4C-DF74-460C-9DE6-F970C83D2683}.Release|Any CPU.ActiveCfg = Release|Any CPU
		{C0CFAD4C-DF74-460C-9DE6-F970C83D2683}.Release|Any CPU.Build.0 = Release|Any CPU
		{9E0F6C51-648F-4E18-B141-9E9773DA54DD}.Debug|Any CPU.ActiveCfg = Debug|Any CPU
		{9E0F6C51-648F-4E18-B141-9E9773DA54DD}.Debug|Any CPU.Build.0 = Debug|Any CPU
		{9E0F6C51-648F-4E18-B141-9E9773DA54DD}.Release|Any CPU.ActiveCfg = Release|Any CPU
		{9E0F6C51-648F-4E18-B141-9E9773DA54DD}.Release|Any CPU.Build.0 = Release|Any CPU
		{963C3B2B-1A78-442D-B6DB-710EBDC6B043}.Debug|Any CPU.ActiveCfg = Debug|Any CPU
		{963C3B2B-1A78-442D-B6DB-710EBDC6B043}.Debug|Any CPU.Build.0 = Debug|Any CPU
		{963C3B2B-1A78-442D-B6DB-710EBDC6B043}.Release|Any CPU.ActiveCfg = Release|Any CPU
		{963C3B2B-1A78-442D-B6DB-710EBDC6B043}.Release|Any CPU.Build.0 = Release|Any CPU
		{5B9C3DDF-7C43-4876-B9FE-D7EC43DBE924}.Debug|Any CPU.ActiveCfg = Debug|Any CPU
		{5B9C3DDF-7C43-4876-B9FE-D7EC43DBE924}.Debug|Any CPU.Build.0 = Debug|Any CPU
		{5B9C3DDF-7C43-4876-B9FE-D7EC43DBE924}.Release|Any CPU.ActiveCfg = Release|Any CPU
		{5B9C3DDF-7C43-4876-B9FE-D7EC43DBE924}.Release|Any CPU.Build.0 = Release|Any CPU
		{AD8C7F8F-F9DA-43A4-B5CA-A8D6936A6347}.Debug|Any CPU.ActiveCfg = Debug|Any CPU
		{AD8C7F8F-F9DA-43A4-B5CA-A8D6936A6347}.Debug|Any CPU.Build.0 = Debug|Any CPU
		{AD8C7F8F-F9DA-43A4-B5CA-A8D6936A6347}.Release|Any CPU.ActiveCfg = Release|Any CPU
		{AD8C7F8F-F9DA-43A4-B5CA-A8D6936A6347}.Release|Any CPU.Build.0 = Release|Any CPU
	EndGlobalSection
	GlobalSection(SolutionProperties) = preSolution
		HideSolutionNode = FALSE
	EndGlobalSection
	GlobalSection(NestedProjects) = preSolution
		{C0CFAD4C-DF74-460C-9DE6-F970C83D2683} = {96F22E21-1AE7-4189-BBCC-C9E1B25E3BE9}
		{9E0F6C51-648F-4E18-B141-9E9773DA54DD} = {96F22E21-1AE7-4189-BBCC-C9E1B25E3BE9}
		{963C3B2B-1A78-442D-B6DB-710EBDC6B043} = {96F22E21-1AE7-4189-BBCC-C9E1B25E3BE9}
		{5B9C3DDF-7C43-4876-B9FE-D7EC43DBE924} = {96F22E21-1AE7-4189-BBCC-C9E1B25E3BE9}
		{AD8C7F8F-F9DA-43A4-B5CA-A8D6936A6347} = {96F22E21-1AE7-4189-BBCC-C9E1B25E3BE9}
	EndGlobalSection
	GlobalSection(ExtensibilityGlobals) = postSolution
		SolutionGuid = {D888E66E-172A-4435-B12D-57395F104070}
	EndGlobalSection
EndGlobal
