
Microsoft Visual Studio Solution File, Format Version 12.00
# Visual Studio Version 16
VisualStudioVersion = 16.0.30320.27
MinimumVisualStudioVersion = 10.0.40219.1
Project("{2150E333-8FDC-42A3-9474-1A3956D46DE8}") = "src", "src", "{96F22E21-1AE7-4189-BBCC-C9E1B25E3BE9}"
EndProject
Project("{2150E333-8FDC-42A3-9474-1A3956D46DE8}") = "module", "module", "{D838FB5A-982D-49F1-8CE0-3A1C49C5BF99}"
EndProject
Project("{2150E333-8FDC-42A3-9474-1A3956D46DE8}") = "test", "test", "{8BA7DC21-479F-4AA9-AB83-9D865C77F0C1}"
EndProject
Project("{2150E333-8FDC-42A3-9474-1A3956D46DE8}") = "api", "api", "{C20E2599-74E7-40E5-8F81-23F6B368C117}"
EndProject
Project("{2150E333-8FDC-42A3-9474-1A3956D46DE8}") = "client", "client", "{1DC9C5B1-B32F-45BE-8CB8-E76BEA3253E3}"
EndProject
Project("{9A19103F-16F7-4668-BE54-9A1E7A4F7556}") = "ShenNius.Layui.Admin", "src\client\ShenNius.Layui.Admin\ShenNius.Layui.Admin.csproj", "{976DC134-27A5-4711-9B25-4D315AB5956C}"
EndProject
Project("{9A19103F-16F7-4668-BE54-9A1E7A4F7556}") = "ShenNius.Sys.API", "src\api\ShenNius.Sys.API\ShenNius.Sys.API.csproj", "{C29405DD-679E-4E60-8E48-C667DBC6A9A2}"
EndProject
Project("{9A19103F-16F7-4668-BE54-9A1E7A4F7556}") = "ShenNius.Shop.API", "src\api\ShenNius.Shop.API\ShenNius.Shop.API.csproj", "{E3771C1B-83DC-4725-96B1-D49546C4BCA0}"
EndProject
Project("{9A19103F-16F7-4668-BE54-9A1E7A4F7556}") = "ShenNius.Cms.API", "src\api\ShenNius.Cms.API\ShenNius.Cms.API.csproj", "{8C434DBF-E59D-4A35-81FF-04E6160617D8}"
EndProject
Project("{9A19103F-16F7-4668-BE54-9A1E7A4F7556}") = "ShenNius.ModuleCore", "src\module\ShenNius.ModuleCore\ShenNius.ModuleCore.csproj", "{677AD14E-BD74-4967-B8AB-8CA46EBAF3AB}"
EndProject
Project("{9A19103F-16F7-4668-BE54-9A1E7A4F7556}") = "ShenNius.Share.Swagger", "src\module\ShenNius.Share.Swagger\ShenNius.Share.Swagger.csproj", "{7E0C2E7A-32C8-426A-AF39-38013A251977}"
EndProject
Project("{9A19103F-16F7-4668-BE54-9A1E7A4F7556}") = "ShenNius.API.Hosting", "src\ShenNius.API.Hosting\ShenNius.API.Hosting.csproj", "{2A0B9DFB-2AE7-4776-ABC8-37364C3CC968}"
EndProject
Project("{9A19103F-16F7-4668-BE54-9A1E7A4F7556}") = "ShenNius.Share.Infrastructure", "src\ShenNius.Share.Infrastructure\ShenNius.Share.Infrastructure.csproj", "{83A4BFF1-356C-4E36-A6E0-F0F1337167F8}"
EndProject
Project("{9A19103F-16F7-4668-BE54-9A1E7A4F7556}") = "ShenNius.Share.Models", "src\ShenNius.Share.Models\ShenNius.Share.Models.csproj", "{37CDD21D-6FEA-406A-9DEB-33C523E276C9}"
EndProject
Project("{9A19103F-16F7-4668-BE54-9A1E7A4F7556}") = "ShenNius.Share.Service", "src\ShenNius.Share.Service\ShenNius.Share.Service.csproj", "{4071FB4F-F0D2-4115-93A2-7D8785A7AC85}"
EndProject
Project("{9A19103F-16F7-4668-BE54-9A1E7A4F7556}") = "TestApi", "test\TestApi\TestApi.csproj", "{0108712E-7876-4FF8-AFB2-CE80CA49843C}"
EndProject
Global
	GlobalSection(SolutionConfigurationPlatforms) = preSolution
		Debug|Any CPU = Debug|Any CPU
		Release|Any CPU = Release|Any CPU
	EndGlobalSection
	GlobalSection(ProjectConfigurationPlatforms) = postSolution
		{976DC134-27A5-4711-9B25-4D315AB5956C}.Debug|Any CPU.ActiveCfg = Debug|Any CPU
		{976DC134-27A5-4711-9B25-4D315AB5956C}.Debug|Any CPU.Build.0 = Debug|Any CPU
		{976DC134-27A5-4711-9B25-4D315AB5956C}.Release|Any CPU.ActiveCfg = Release|Any CPU
		{976DC134-27A5-4711-9B25-4D315AB5956C}.Release|Any CPU.Build.0 = Release|Any CPU
		{C29405DD-679E-4E60-8E48-C667DBC6A9A2}.Debug|Any CPU.ActiveCfg = Debug|Any CPU
		{C29405DD-679E-4E60-8E48-C667DBC6A9A2}.Debug|Any CPU.Build.0 = Debug|Any CPU
		{C29405DD-679E-4E60-8E48-C667DBC6A9A2}.Release|Any CPU.ActiveCfg = Release|Any CPU
		{C29405DD-679E-4E60-8E48-C667DBC6A9A2}.Release|Any CPU.Build.0 = Release|Any CPU
		{E3771C1B-83DC-4725-96B1-D49546C4BCA0}.Debug|Any CPU.ActiveCfg = Debug|Any CPU
		{E3771C1B-83DC-4725-96B1-D49546C4BCA0}.Debug|Any CPU.Build.0 = Debug|Any CPU
		{E3771C1B-83DC-4725-96B1-D49546C4BCA0}.Release|Any CPU.ActiveCfg = Release|Any CPU
		{E3771C1B-83DC-4725-96B1-D49546C4BCA0}.Release|Any CPU.Build.0 = Release|Any CPU
		{8C434DBF-E59D-4A35-81FF-04E6160617D8}.Debug|Any CPU.ActiveCfg = Debug|Any CPU
		{8C434DBF-E59D-4A35-81FF-04E6160617D8}.Debug|Any CPU.Build.0 = Debug|Any CPU
		{8C434DBF-E59D-4A35-81FF-04E6160617D8}.Release|Any CPU.ActiveCfg = Release|Any CPU
		{8C434DBF-E59D-4A35-81FF-04E6160617D8}.Release|Any CPU.Build.0 = Release|Any CPU
		{677AD14E-BD74-4967-B8AB-8CA46EBAF3AB}.Debug|Any CPU.ActiveCfg = Debug|Any CPU
		{677AD14E-BD74-4967-B8AB-8CA46EBAF3AB}.Debug|Any CPU.Build.0 = Debug|Any CPU
		{677AD14E-BD74-4967-B8AB-8CA46EBAF3AB}.Release|Any CPU.ActiveCfg = Release|Any CPU
		{677AD14E-BD74-4967-B8AB-8CA46EBAF3AB}.Release|Any CPU.Build.0 = Release|Any CPU
		{7E0C2E7A-32C8-426A-AF39-38013A251977}.Debug|Any CPU.ActiveCfg = Debug|Any CPU
		{7E0C2E7A-32C8-426A-AF39-38013A251977}.Debug|Any CPU.Build.0 = Debug|Any CPU
		{7E0C2E7A-32C8-426A-AF39-38013A251977}.Release|Any CPU.ActiveCfg = Release|Any CPU
		{7E0C2E7A-32C8-426A-AF39-38013A251977}.Release|Any CPU.Build.0 = Release|Any CPU
		{2A0B9DFB-2AE7-4776-ABC8-37364C3CC968}.Debug|Any CPU.ActiveCfg = Debug|Any CPU
		{2A0B9DFB-2AE7-4776-ABC8-37364C3CC968}.Debug|Any CPU.Build.0 = Debug|Any CPU
		{2A0B9DFB-2AE7-4776-ABC8-37364C3CC968}.Release|Any CPU.ActiveCfg = Release|Any CPU
		{2A0B9DFB-2AE7-4776-ABC8-37364C3CC968}.Release|Any CPU.Build.0 = Release|Any CPU
		{83A4BFF1-356C-4E36-A6E0-F0F1337167F8}.Debug|Any CPU.ActiveCfg = Debug|Any CPU
		{83A4BFF1-356C-4E36-A6E0-F0F1337167F8}.Debug|Any CPU.Build.0 = Debug|Any CPU
		{83A4BFF1-356C-4E36-A6E0-F0F1337167F8}.Release|Any CPU.ActiveCfg = Release|Any CPU
		{83A4BFF1-356C-4E36-A6E0-F0F1337167F8}.Release|Any CPU.Build.0 = Release|Any CPU
		{37CDD21D-6FEA-406A-9DEB-33C523E276C9}.Debug|Any CPU.ActiveCfg = Debug|Any CPU
		{37CDD21D-6FEA-406A-9DEB-33C523E276C9}.Debug|Any CPU.Build.0 = Debug|Any CPU
		{37CDD21D-6FEA-406A-9DEB-33C523E276C9}.Release|Any CPU.ActiveCfg = Release|Any CPU
		{37CDD21D-6FEA-406A-9DEB-33C523E276C9}.Release|Any CPU.Build.0 = Release|Any CPU
		{4071FB4F-F0D2-4115-93A2-7D8785A7AC85}.Debug|Any CPU.ActiveCfg = Debug|Any CPU
		{4071FB4F-F0D2-4115-93A2-7D8785A7AC85}.Debug|Any CPU.Build.0 = Debug|Any CPU
		{4071FB4F-F0D2-4115-93A2-7D8785A7AC85}.Release|Any CPU.ActiveCfg = Release|Any CPU
		{4071FB4F-F0D2-4115-93A2-7D8785A7AC85}.Release|Any CPU.Build.0 = Release|Any CPU
		{0108712E-7876-4FF8-AFB2-CE80CA49843C}.Debug|Any CPU.ActiveCfg = Debug|Any CPU
		{0108712E-7876-4FF8-AFB2-CE80CA49843C}.Debug|Any CPU.Build.0 = Debug|Any CPU
		{0108712E-7876-4FF8-AFB2-CE80CA49843C}.Release|Any CPU.ActiveCfg = Release|Any CPU
		{0108712E-7876-4FF8-AFB2-CE80CA49843C}.Release|Any CPU.Build.0 = Release|Any CPU
	EndGlobalSection
	GlobalSection(SolutionProperties) = preSolution
		HideSolutionNode = FALSE
	EndGlobalSection
	GlobalSection(NestedProjects) = preSolution
		{D838FB5A-982D-49F1-8CE0-3A1C49C5BF99} = {96F22E21-1AE7-4189-BBCC-C9E1B25E3BE9}
		{C20E2599-74E7-40E5-8F81-23F6B368C117} = {96F22E21-1AE7-4189-BBCC-C9E1B25E3BE9}
		{1DC9C5B1-B32F-45BE-8CB8-E76BEA3253E3} = {96F22E21-1AE7-4189-BBCC-C9E1B25E3BE9}
		{976DC134-27A5-4711-9B25-4D315AB5956C} = {1DC9C5B1-B32F-45BE-8CB8-E76BEA3253E3}
		{C29405DD-679E-4E60-8E48-C667DBC6A9A2} = {C20E2599-74E7-40E5-8F81-23F6B368C117}
		{E3771C1B-83DC-4725-96B1-D49546C4BCA0} = {C20E2599-74E7-40E5-8F81-23F6B368C117}
		{8C434DBF-E59D-4A35-81FF-04E6160617D8} = {C20E2599-74E7-40E5-8F81-23F6B368C117}
		{677AD14E-BD74-4967-B8AB-8CA46EBAF3AB} = {D838FB5A-982D-49F1-8CE0-3A1C49C5BF99}
		{7E0C2E7A-32C8-426A-AF39-38013A251977} = {D838FB5A-982D-49F1-8CE0-3A1C49C5BF99}
		{2A0B9DFB-2AE7-4776-ABC8-37364C3CC968} = {96F22E21-1AE7-4189-BBCC-C9E1B25E3BE9}
		{83A4BFF1-356C-4E36-A6E0-F0F1337167F8} = {96F22E21-1AE7-4189-BBCC-C9E1B25E3BE9}
		{37CDD21D-6FEA-406A-9DEB-33C523E276C9} = {96F22E21-1AE7-4189-BBCC-C9E1B25E3BE9}
		{4071FB4F-F0D2-4115-93A2-7D8785A7AC85} = {96F22E21-1AE7-4189-BBCC-C9E1B25E3BE9}
		{0108712E-7876-4FF8-AFB2-CE80CA49843C} = {8BA7DC21-479F-4AA9-AB83-9D865C77F0C1}
	EndGlobalSection
	GlobalSection(ExtensibilityGlobals) = postSolution
		SolutionGuid = {D888E66E-172A-4435-B12D-57395F104070}
	EndGlobalSection
EndGlobal
