
Microsoft Visual Studio Solution File, Format Version 12.00
# Visual Studio Version 16
VisualStudioVersion = 16.0.30320.27
MinimumVisualStudioVersion = 10.0.40219.1
Project("{2150E333-8FDC-42A3-9474-1A3956D46DE8}") = "src", "src", "{96F22E21-1AE7-4189-BBCC-C9E1B25E3BE9}"
EndProject
Project("{2150E333-8FDC-42A3-9474-1A3956D46DE8}") = "framework", "framework", "{D838FB5A-982D-49F1-8CE0-3A1C49C5BF99}"
EndProject
Project("{2150E333-8FDC-42A3-9474-1A3956D46DE8}") = "test", "test", "{8BA7DC21-479F-4AA9-AB83-9D865C77F0C1}"
EndProject
Project("{2150E333-8FDC-42A3-9474-1A3956D46DE8}") = "client", "client", "{1DC9C5B1-B32F-45BE-8CB8-E76BEA3253E3}"
EndProject
Project("{9A19103F-16F7-4668-BE54-9A1E7A4F7556}") = "ShenNius.Layui.Admin", "src\client\ShenNius.Layui.Admin\ShenNius.Layui.Admin.csproj", "{976DC134-27A5-4711-9B25-4D315AB5956C}"
EndProject
Project("{9A19103F-16F7-4668-BE54-9A1E7A4F7556}") = "ShenNius.Share.Infrastructure", "src\ShenNius.Share.Infrastructure\ShenNius.Share.Infrastructure.csproj", "{83A4BFF1-356C-4E36-A6E0-F0F1337167F8}"
EndProject
Project("{9A19103F-16F7-4668-BE54-9A1E7A4F7556}") = "ShenNius.Share.Models", "src\ShenNius.Share.Models\ShenNius.Share.Models.csproj", "{37CDD21D-6FEA-406A-9DEB-33C523E276C9}"
EndProject
Project("{9A19103F-16F7-4668-BE54-9A1E7A4F7556}") = "ShenNius.Share.Domain", "src\ShenNius.Share.Service\ShenNius.Share.Domain.csproj", "{4071FB4F-F0D2-4115-93A2-7D8785A7AC85}"
EndProject
Project("{9A19103F-16F7-4668-BE54-9A1E7A4F7556}") = "TestApi", "test\TestApi\TestApi.csproj", "{0108712E-7876-4FF8-AFB2-CE80CA49843C}"
EndProject
Project("{9A19103F-16F7-4668-BE54-9A1E7A4F7556}") = "ShenNius.Share.BaseController", "src\ShenNius.Share.BaseController\ShenNius.Share.BaseController.csproj", "{F37C9888-76F5-4026-A023-99FDAB884F2D}"
EndProject
Project("{9A19103F-16F7-4668-BE54-9A1E7A4F7556}") = "ShenNius.Cms.API", "src\module\ShenNius.Cms.API\ShenNius.Cms.API.csproj", "{D86A554E-9BD1-46AD-BB57-786A2C4933C3}"
EndProject
Project("{2150E333-8FDC-42A3-9474-1A3956D46DE8}") = "module", "module", "{BAFEFD43-8009-49AD-812E-6750DED4CE59}"
EndProject
Project("{9A19103F-16F7-4668-BE54-9A1E7A4F7556}") = "ShenNius.Sys.API", "src\module\ShenNius.Sys.API\ShenNius.Sys.API.csproj", "{C899D3E7-F240-48E0-9B8C-F744821B72F9}"
EndProject
Project("{9A19103F-16F7-4668-BE54-9A1E7A4F7556}") = "ShenNius.Shop.API", "src\module\ShenNius.Shop.API\ShenNius.Shop.API.csproj", "{894C6AAB-7F31-456B-AB56-91F87BB3937E}"
EndProject
Project("{2150E333-8FDC-42A3-9474-1A3956D46DE8}") = "hosting", "hosting", "{140438A6-3944-4ACE-B107-4BF340FA09CE}"
EndProject
Project("{9A19103F-16F7-4668-BE54-9A1E7A4F7556}") = "ShenNius.API.Hosting", "src\hosting\ShenNius.API.Hosting\ShenNius.API.Hosting.csproj", "{456D9C0B-797B-49E0-9F55-74FD757A943C}"
EndProject
Project("{9A19103F-16F7-4668-BE54-9A1E7A4F7556}") = "ShenNius.Blog.API", "src\module\ShenNius.Blog.API\ShenNius.Blog.API.csproj", "{6101827E-A534-4D27-95BA-8473645237AC}"
EndProject
Project("{2150E333-8FDC-42A3-9474-1A3956D46DE8}") = "toolkit", "toolkit", "{94E54389-C585-4526-BE85-0FC56C760FD5}"
EndProject
Project("{2150E333-8FDC-42A3-9474-1A3956D46DE8}") = "core", "core", "{9A884E7C-26A4-4AC6-9865-2AE361E28C31}"
EndProject
Project("{9A19103F-16F7-4668-BE54-9A1E7A4F7556}") = "ShenNius.ModuleCore", "src\framework\ShenNius.ModuleCore\ShenNius.ModuleCore.csproj", "{4C0975BF-E2F2-4AEE-9E27-D7B8763511EA}"
EndProject
Project("{9A19103F-16F7-4668-BE54-9A1E7A4F7556}") = "ShenNius.Share.Swagger", "src\ShenNius.Share.Swagger\ShenNius.Share.Swagger.csproj", "{A8498979-877F-4012-AB1E-8FCAC6F990E0}"
EndProject
Global
	GlobalSection(SolutionConfigurationPlatforms) = preSolution
		Debug|Any CPU = Debug|Any CPU
		Release|Any CPU = Release|Any CPU
	EndGlobalSection
	GlobalSection(ProjectConfigurationPlatforms) = postSolution
		{976DC134-27A5-4711-9B25-4D315AB5956C}.Debug|Any CPU.ActiveCfg = Debug|Any CPU
		{976DC134-27A5-4711-9B25-4D315AB5956C}.Debug|Any CPU.Build.0 = Debug|Any CPU
		{976DC134-27A5-4711-9B25-4D315AB5956C}.Release|Any CPU.ActiveCfg = Release|Any CPU
		{976DC134-27A5-4711-9B25-4D315AB5956C}.Release|Any CPU.Build.0 = Release|Any CPU
		{83A4BFF1-356C-4E36-A6E0-F0F1337167F8}.Debug|Any CPU.ActiveCfg = Debug|Any CPU
		{83A4BFF1-356C-4E36-A6E0-F0F1337167F8}.Debug|Any CPU.Build.0 = Debug|Any CPU
		{83A4BFF1-356C-4E36-A6E0-F0F1337167F8}.Release|Any CPU.ActiveCfg = Release|Any CPU
		{83A4BFF1-356C-4E36-A6E0-F0F1337167F8}.Release|Any CPU.Build.0 = Release|Any CPU
		{37CDD21D-6FEA-406A-9DEB-33C523E276C9}.Debug|Any CPU.ActiveCfg = Debug|Any CPU
		{37CDD21D-6FEA-406A-9DEB-33C523E276C9}.Debug|Any CPU.Build.0 = Debug|Any CPU
		{37CDD21D-6FEA-406A-9DEB-33C523E276C9}.Release|Any CPU.ActiveCfg = Release|Any CPU
		{37CDD21D-6FEA-406A-9DEB-33C523E276C9}.Release|Any CPU.Build.0 = Release|Any CPU
		{4071FB4F-F0D2-4115-93A2-7D8785A7AC85}.Debug|Any CPU.ActiveCfg = Debug|Any CPU
		{4071FB4F-F0D2-4115-93A2-7D8785A7AC85}.Debug|Any CPU.Build.0 = Debug|Any CPU
		{4071FB4F-F0D2-4115-93A2-7D8785A7AC85}.Release|Any CPU.ActiveCfg = Release|Any CPU
		{4071FB4F-F0D2-4115-93A2-7D8785A7AC85}.Release|Any CPU.Build.0 = Release|Any CPU
		{0108712E-7876-4FF8-AFB2-CE80CA49843C}.Debug|Any CPU.ActiveCfg = Debug|Any CPU
		{0108712E-7876-4FF8-AFB2-CE80CA49843C}.Debug|Any CPU.Build.0 = Debug|Any CPU
		{0108712E-7876-4FF8-AFB2-CE80CA49843C}.Release|Any CPU.ActiveCfg = Release|Any CPU
		{0108712E-7876-4FF8-AFB2-CE80CA49843C}.Release|Any CPU.Build.0 = Release|Any CPU
		{F37C9888-76F5-4026-A023-99FDAB884F2D}.Debug|Any CPU.ActiveCfg = Debug|Any CPU
		{F37C9888-76F5-4026-A023-99FDAB884F2D}.Debug|Any CPU.Build.0 = Debug|Any CPU
		{F37C9888-76F5-4026-A023-99FDAB884F2D}.Release|Any CPU.ActiveCfg = Release|Any CPU
		{F37C9888-76F5-4026-A023-99FDAB884F2D}.Release|Any CPU.Build.0 = Release|Any CPU
		{D86A554E-9BD1-46AD-BB57-786A2C4933C3}.Debug|Any CPU.ActiveCfg = Debug|Any CPU
		{D86A554E-9BD1-46AD-BB57-786A2C4933C3}.Debug|Any CPU.Build.0 = Debug|Any CPU
		{D86A554E-9BD1-46AD-BB57-786A2C4933C3}.Release|Any CPU.ActiveCfg = Release|Any CPU
		{D86A554E-9BD1-46AD-BB57-786A2C4933C3}.Release|Any CPU.Build.0 = Release|Any CPU
		{C899D3E7-F240-48E0-9B8C-F744821B72F9}.Debug|Any CPU.ActiveCfg = Debug|Any CPU
		{C899D3E7-F240-48E0-9B8C-F744821B72F9}.Debug|Any CPU.Build.0 = Debug|Any CPU
		{C899D3E7-F240-48E0-9B8C-F744821B72F9}.Release|Any CPU.ActiveCfg = Release|Any CPU
		{C899D3E7-F240-48E0-9B8C-F744821B72F9}.Release|Any CPU.Build.0 = Release|Any CPU
		{894C6AAB-7F31-456B-AB56-91F87BB3937E}.Debug|Any CPU.ActiveCfg = Debug|Any CPU
		{894C6AAB-7F31-456B-AB56-91F87BB3937E}.Debug|Any CPU.Build.0 = Debug|Any CPU
		{894C6AAB-7F31-456B-AB56-91F87BB3937E}.Release|Any CPU.ActiveCfg = Release|Any CPU
		{894C6AAB-7F31-456B-AB56-91F87BB3937E}.Release|Any CPU.Build.0 = Release|Any CPU
		{456D9C0B-797B-49E0-9F55-74FD757A943C}.Debug|Any CPU.ActiveCfg = Debug|Any CPU
		{456D9C0B-797B-49E0-9F55-74FD757A943C}.Debug|Any CPU.Build.0 = Debug|Any CPU
		{456D9C0B-797B-49E0-9F55-74FD757A943C}.Release|Any CPU.ActiveCfg = Release|Any CPU
		{456D9C0B-797B-49E0-9F55-74FD757A943C}.Release|Any CPU.Build.0 = Release|Any CPU
		{6101827E-A534-4D27-95BA-8473645237AC}.Debug|Any CPU.ActiveCfg = Debug|Any CPU
		{6101827E-A534-4D27-95BA-8473645237AC}.Debug|Any CPU.Build.0 = Debug|Any CPU
		{6101827E-A534-4D27-95BA-8473645237AC}.Release|Any CPU.ActiveCfg = Release|Any CPU
		{6101827E-A534-4D27-95BA-8473645237AC}.Release|Any CPU.Build.0 = Release|Any CPU
		{4C0975BF-E2F2-4AEE-9E27-D7B8763511EA}.Debug|Any CPU.ActiveCfg = Debug|Any CPU
		{4C0975BF-E2F2-4AEE-9E27-D7B8763511EA}.Debug|Any CPU.Build.0 = Debug|Any CPU
		{4C0975BF-E2F2-4AEE-9E27-D7B8763511EA}.Release|Any CPU.ActiveCfg = Release|Any CPU
		{4C0975BF-E2F2-4AEE-9E27-D7B8763511EA}.Release|Any CPU.Build.0 = Release|Any CPU
		{A8498979-877F-4012-AB1E-8FCAC6F990E0}.Debug|Any CPU.ActiveCfg = Debug|Any CPU
		{A8498979-877F-4012-AB1E-8FCAC6F990E0}.Debug|Any CPU.Build.0 = Debug|Any CPU
		{A8498979-877F-4012-AB1E-8FCAC6F990E0}.Release|Any CPU.ActiveCfg = Release|Any CPU
		{A8498979-877F-4012-AB1E-8FCAC6F990E0}.Release|Any CPU.Build.0 = Release|Any CPU
	EndGlobalSection
	GlobalSection(SolutionProperties) = preSolution
		HideSolutionNode = FALSE
	EndGlobalSection
	GlobalSection(NestedProjects) = preSolution
		{D838FB5A-982D-49F1-8CE0-3A1C49C5BF99} = {96F22E21-1AE7-4189-BBCC-C9E1B25E3BE9}
		{1DC9C5B1-B32F-45BE-8CB8-E76BEA3253E3} = {96F22E21-1AE7-4189-BBCC-C9E1B25E3BE9}
		{976DC134-27A5-4711-9B25-4D315AB5956C} = {1DC9C5B1-B32F-45BE-8CB8-E76BEA3253E3}
		{83A4BFF1-356C-4E36-A6E0-F0F1337167F8} = {96F22E21-1AE7-4189-BBCC-C9E1B25E3BE9}
		{37CDD21D-6FEA-406A-9DEB-33C523E276C9} = {96F22E21-1AE7-4189-BBCC-C9E1B25E3BE9}
		{4071FB4F-F0D2-4115-93A2-7D8785A7AC85} = {96F22E21-1AE7-4189-BBCC-C9E1B25E3BE9}
		{0108712E-7876-4FF8-AFB2-CE80CA49843C} = {8BA7DC21-479F-4AA9-AB83-9D865C77F0C1}
		{F37C9888-76F5-4026-A023-99FDAB884F2D} = {96F22E21-1AE7-4189-BBCC-C9E1B25E3BE9}
		{D86A554E-9BD1-46AD-BB57-786A2C4933C3} = {BAFEFD43-8009-49AD-812E-6750DED4CE59}
		{BAFEFD43-8009-49AD-812E-6750DED4CE59} = {96F22E21-1AE7-4189-BBCC-C9E1B25E3BE9}
		{C899D3E7-F240-48E0-9B8C-F744821B72F9} = {BAFEFD43-8009-49AD-812E-6750DED4CE59}
		{894C6AAB-7F31-456B-AB56-91F87BB3937E} = {BAFEFD43-8009-49AD-812E-6750DED4CE59}
		{140438A6-3944-4ACE-B107-4BF340FA09CE} = {96F22E21-1AE7-4189-BBCC-C9E1B25E3BE9}
		{456D9C0B-797B-49E0-9F55-74FD757A943C} = {140438A6-3944-4ACE-B107-4BF340FA09CE}
		{6101827E-A534-4D27-95BA-8473645237AC} = {BAFEFD43-8009-49AD-812E-6750DED4CE59}
		{94E54389-C585-4526-BE85-0FC56C760FD5} = {D838FB5A-982D-49F1-8CE0-3A1C49C5BF99}
		{9A884E7C-26A4-4AC6-9865-2AE361E28C31} = {D838FB5A-982D-49F1-8CE0-3A1C49C5BF99}
		{4C0975BF-E2F2-4AEE-9E27-D7B8763511EA} = {9A884E7C-26A4-4AC6-9865-2AE361E28C31}
		{A8498979-877F-4012-AB1E-8FCAC6F990E0} = {94E54389-C585-4526-BE85-0FC56C760FD5}
	EndGlobalSection
	GlobalSection(ExtensibilityGlobals) = postSolution
		SolutionGuid = {D888E66E-172A-4435-B12D-57395F104070}
	EndGlobalSection
EndGlobal
